// !$*UTF8*$!
{
	archiveVersion = 1;
	classes = {
	};
	objectVersion = 51;
	objects = {

/* Begin PBXBuildFile section */
		32551369221C2EBF7D202C3F /* Pods_Flixster.framework in Frameworks */ = {isa = PBXBuildFile; fileRef = 22CCC49AAC543A3E26317A69 /* Pods_Flixster.framework */; };
		C81C50EABC25B85D73131966 /* Pods_FlixsterTests.framework in Frameworks */ = {isa = PBXBuildFile; fileRef = 04952B9B420BD76E9DEF895F /* Pods_FlixsterTests.framework */; };
		CB2FA7C835537871E5489D61 /* Pods_Flixster_FlixsterUITests.framework in Frameworks */ = {isa = PBXBuildFile; fileRef = 12EEC0947322FF2BE1C000DB /* Pods_Flixster_FlixsterUITests.framework */; };
		D0428B382520009D00C2D16D /* MovieDetailsViewController.swift in Sources */ = {isa = PBXBuildFile; fileRef = D0428B372520009D00C2D16D /* MovieDetailsViewController.swift */; };
		D098E7AD251C37C400E0ADE9 /* AppDelegate.swift in Sources */ = {isa = PBXBuildFile; fileRef = D098E7AC251C37C400E0ADE9 /* AppDelegate.swift */; };
		D098E7AF251C37C400E0ADE9 /* SceneDelegate.swift in Sources */ = {isa = PBXBuildFile; fileRef = D098E7AE251C37C400E0ADE9 /* SceneDelegate.swift */; };
		D098E7B4251C37C400E0ADE9 /* Main.storyboard in Resources */ = {isa = PBXBuildFile; fileRef = D098E7B2251C37C400E0ADE9 /* Main.storyboard */; };
		D098E7B6251C37C600E0ADE9 /* Assets.xcassets in Resources */ = {isa = PBXBuildFile; fileRef = D098E7B5251C37C600E0ADE9 /* Assets.xcassets */; };
		D098E7B9251C37C600E0ADE9 /* LaunchScreen.storyboard in Resources */ = {isa = PBXBuildFile; fileRef = D098E7B7251C37C600E0ADE9 /* LaunchScreen.storyboard */; };
		D098E7C4251C37C700E0ADE9 /* FlixsterTests.swift in Sources */ = {isa = PBXBuildFile; fileRef = D098E7C3251C37C700E0ADE9 /* FlixsterTests.swift */; };
		D098E7CF251C37C700E0ADE9 /* FlixsterUITests.swift in Sources */ = {isa = PBXBuildFile; fileRef = D098E7CE251C37C700E0ADE9 /* FlixsterUITests.swift */; };
		D098E7E3251D5AE900E0ADE9 /* MoviesViewController.swift in Sources */ = {isa = PBXBuildFile; fileRef = D098E7E2251D5AE900E0ADE9 /* MoviesViewController.swift */; };
		D098E7E8251D892700E0ADE9 /* MovieCell.swift in Sources */ = {isa = PBXBuildFile; fileRef = D098E7E7251D892700E0ADE9 /* MovieCell.swift */; };
/* End PBXBuildFile section */

/* Begin PBXContainerItemProxy section */
		D098E7C0251C37C700E0ADE9 /* PBXContainerItemProxy */ = {
			isa = PBXContainerItemProxy;
			containerPortal = D098E7A1251C37C400E0ADE9 /* Project object */;
			proxyType = 1;
			remoteGlobalIDString = D098E7A8251C37C400E0ADE9;
			remoteInfo = Flixster;
		};
		D098E7CB251C37C700E0ADE9 /* PBXContainerItemProxy */ = {
			isa = PBXContainerItemProxy;
			containerPortal = D098E7A1251C37C400E0ADE9 /* Project object */;
			proxyType = 1;
			remoteGlobalIDString = D098E7A8251C37C400E0ADE9;
			remoteInfo = Flixster;
		};
/* End PBXContainerItemProxy section */

/* Begin PBXFileReference section */
		04952B9B420BD76E9DEF895F /* Pods_FlixsterTests.framework */ = {isa = PBXFileReference; explicitFileType = wrapper.framework; includeInIndex = 0; path = Pods_FlixsterTests.framework; sourceTree = BUILT_PRODUCTS_DIR; };
		12EEC0947322FF2BE1C000DB /* Pods_Flixster_FlixsterUITests.framework */ = {isa = PBXFileReference; explicitFileType = wrapper.framework; includeInIndex = 0; path = Pods_Flixster_FlixsterUITests.framework; sourceTree = BUILT_PRODUCTS_DIR; };
		22CCC49AAC543A3E26317A69 /* Pods_Flixster.framework */ = {isa = PBXFileReference; explicitFileType = wrapper.framework; includeInIndex = 0; path = Pods_Flixster.framework; sourceTree = BUILT_PRODUCTS_DIR; };
		2C570B767A4059EE30E1171B /* Pods-Flixster-FlixsterUITests.release.xcconfig */ = {isa = PBXFileReference; includeInIndex = 1; lastKnownFileType = text.xcconfig; name = "Pods-Flixster-FlixsterUITests.release.xcconfig"; path = "Target Support Files/Pods-Flixster-FlixsterUITests/Pods-Flixster-FlixsterUITests.release.xcconfig"; sourceTree = "<group>"; };
		50E03D8CBC59BE5E9DEBD2B6 /* Pods-FlixsterTests.release.xcconfig */ = {isa = PBXFileReference; includeInIndex = 1; lastKnownFileType = text.xcconfig; name = "Pods-FlixsterTests.release.xcconfig"; path = "Target Support Files/Pods-FlixsterTests/Pods-FlixsterTests.release.xcconfig"; sourceTree = "<group>"; };
		693C43BFA10B5078DD120064 /* Pods-Flixster-FlixsterUITests.debug.xcconfig */ = {isa = PBXFileReference; includeInIndex = 1; lastKnownFileType = text.xcconfig; name = "Pods-Flixster-FlixsterUITests.debug.xcconfig"; path = "Target Support Files/Pods-Flixster-FlixsterUITests/Pods-Flixster-FlixsterUITests.debug.xcconfig"; sourceTree = "<group>"; };
		6DE2993A062B8F5C01A43F6A /* Pods-FlixsterTests.debug.xcconfig */ = {isa = PBXFileReference; includeInIndex = 1; lastKnownFileType = text.xcconfig; name = "Pods-FlixsterTests.debug.xcconfig"; path = "Target Support Files/Pods-FlixsterTests/Pods-FlixsterTests.debug.xcconfig"; sourceTree = "<group>"; };
		873F47FC22FD0C6F237A8ACF /* Pods-Flixster.debug.xcconfig */ = {isa = PBXFileReference; includeInIndex = 1; lastKnownFileType = text.xcconfig; name = "Pods-Flixster.debug.xcconfig"; path = "Target Support Files/Pods-Flixster/Pods-Flixster.debug.xcconfig"; sourceTree = "<group>"; };
		D0428B372520009D00C2D16D /* MovieDetailsViewController.swift */ = {isa = PBXFileReference; lastKnownFileType = sourcecode.swift; path = MovieDetailsViewController.swift; sourceTree = "<group>"; };
		D098E7A9251C37C400E0ADE9 /* Flixster.app */ = {isa = PBXFileReference; explicitFileType = wrapper.application; includeInIndex = 0; path = Flixster.app; sourceTree = BUILT_PRODUCTS_DIR; };
		D098E7AC251C37C400E0ADE9 /* AppDelegate.swift */ = {isa = PBXFileReference; lastKnownFileType = sourcecode.swift; path = AppDelegate.swift; sourceTree = "<group>"; };
		D098E7AE251C37C400E0ADE9 /* SceneDelegate.swift */ = {isa = PBXFileReference; lastKnownFileType = sourcecode.swift; path = SceneDelegate.swift; sourceTree = "<group>"; };
		D098E7B3251C37C400E0ADE9 /* Base */ = {isa = PBXFileReference; lastKnownFileType = file.storyboard; name = Base; path = Base.lproj/Main.storyboard; sourceTree = "<group>"; };
		D098E7B5251C37C600E0ADE9 /* Assets.xcassets */ = {isa = PBXFileReference; lastKnownFileType = folder.assetcatalog; path = Assets.xcassets; sourceTree = "<group>"; };
		D098E7B8251C37C600E0ADE9 /* Base */ = {isa = PBXFileReference; lastKnownFileType = file.storyboard; name = Base; path = Base.lproj/LaunchScreen.storyboard; sourceTree = "<group>"; };
		D098E7BA251C37C600E0ADE9 /* Info.plist */ = {isa = PBXFileReference; lastKnownFileType = text.plist.xml; path = Info.plist; sourceTree = "<group>"; };
		D098E7BF251C37C700E0ADE9 /* FlixsterTests.xctest */ = {isa = PBXFileReference; explicitFileType = wrapper.cfbundle; includeInIndex = 0; path = FlixsterTests.xctest; sourceTree = BUILT_PRODUCTS_DIR; };
		D098E7C3251C37C700E0ADE9 /* FlixsterTests.swift */ = {isa = PBXFileReference; lastKnownFileType = sourcecode.swift; path = FlixsterTests.swift; sourceTree = "<group>"; };
		D098E7C5251C37C700E0ADE9 /* Info.plist */ = {isa = PBXFileReference; lastKnownFileType = text.plist.xml; path = Info.plist; sourceTree = "<group>"; };
		D098E7CA251C37C700E0ADE9 /* FlixsterUITests.xctest */ = {isa = PBXFileReference; explicitFileType = wrapper.cfbundle; includeInIndex = 0; path = FlixsterUITests.xctest; sourceTree = BUILT_PRODUCTS_DIR; };
		D098E7CE251C37C700E0ADE9 /* FlixsterUITests.swift */ = {isa = PBXFileReference; lastKnownFileType = sourcecode.swift; path = FlixsterUITests.swift; sourceTree = "<group>"; };
		D098E7D0251C37C700E0ADE9 /* Info.plist */ = {isa = PBXFileReference; lastKnownFileType = text.plist.xml; path = Info.plist; sourceTree = "<group>"; };
		D098E7E2251D5AE900E0ADE9 /* MoviesViewController.swift */ = {isa = PBXFileReference; lastKnownFileType = sourcecode.swift; path = MoviesViewController.swift; sourceTree = "<group>"; };
		D098E7E7251D892700E0ADE9 /* MovieCell.swift */ = {isa = PBXFileReference; lastKnownFileType = sourcecode.swift; path = MovieCell.swift; sourceTree = "<group>"; };
		E9A0F671991DFF2C125B4EFD /* Pods-Flixster.release.xcconfig */ = {isa = PBXFileReference; includeInIndex = 1; lastKnownFileType = text.xcconfig; name = "Pods-Flixster.release.xcconfig"; path = "Target Support Files/Pods-Flixster/Pods-Flixster.release.xcconfig"; sourceTree = "<group>"; };
/* End PBXFileReference section */

/* Begin PBXFrameworksBuildPhase section */
		D098E7A6251C37C400E0ADE9 /* Frameworks */ = {
			isa = PBXFrameworksBuildPhase;
			buildActionMask = 2147483647;
			files = (
				32551369221C2EBF7D202C3F /* Pods_Flixster.framework in Frameworks */,
			);
			runOnlyForDeploymentPostprocessing = 0;
		};
		D098E7BC251C37C700E0ADE9 /* Frameworks */ = {
			isa = PBXFrameworksBuildPhase;
			buildActionMask = 2147483647;
			files = (
				C81C50EABC25B85D73131966 /* Pods_FlixsterTests.framework in Frameworks */,
			);
			runOnlyForDeploymentPostprocessing = 0;
		};
		D098E7C7251C37C700E0ADE9 /* Frameworks */ = {
			isa = PBXFrameworksBuildPhase;
			buildActionMask = 2147483647;
			files = (
				CB2FA7C835537871E5489D61 /* Pods_Flixster_FlixsterUITests.framework in Frameworks */,
			);
			runOnlyForDeploymentPostprocessing = 0;
		};
/* End PBXFrameworksBuildPhase section */

/* Begin PBXGroup section */
		0EED7C46C669F78DF8D41606 /* Pods */ = {
			isa = PBXGroup;
			children = (
				873F47FC22FD0C6F237A8ACF /* Pods-Flixster.debug.xcconfig */,
				E9A0F671991DFF2C125B4EFD /* Pods-Flixster.release.xcconfig */,
				693C43BFA10B5078DD120064 /* Pods-Flixster-FlixsterUITests.debug.xcconfig */,
				2C570B767A4059EE30E1171B /* Pods-Flixster-FlixsterUITests.release.xcconfig */,
				6DE2993A062B8F5C01A43F6A /* Pods-FlixsterTests.debug.xcconfig */,
				50E03D8CBC59BE5E9DEBD2B6 /* Pods-FlixsterTests.release.xcconfig */,
			);
			path = Pods;
			sourceTree = "<group>";
		};
		3F2FD78BDBC6BAC571C158B5 /* Frameworks */ = {
			isa = PBXGroup;
			children = (
				22CCC49AAC543A3E26317A69 /* Pods_Flixster.framework */,
				12EEC0947322FF2BE1C000DB /* Pods_Flixster_FlixsterUITests.framework */,
				04952B9B420BD76E9DEF895F /* Pods_FlixsterTests.framework */,
			);
			name = Frameworks;
			sourceTree = "<group>";
		};
		D098E7A0251C37C400E0ADE9 = {
			isa = PBXGroup;
			children = (
				D098E7AB251C37C400E0ADE9 /* Flixster */,
				D098E7C2251C37C700E0ADE9 /* FlixsterTests */,
				D098E7CD251C37C700E0ADE9 /* FlixsterUITests */,
				D098E7AA251C37C400E0ADE9 /* Products */,
				0EED7C46C669F78DF8D41606 /* Pods */,
				3F2FD78BDBC6BAC571C158B5 /* Frameworks */,
			);
			sourceTree = "<group>";
		};
		D098E7AA251C37C400E0ADE9 /* Products */ = {
			isa = PBXGroup;
			children = (
				D098E7A9251C37C400E0ADE9 /* Flixster.app */,
				D098E7BF251C37C700E0ADE9 /* FlixsterTests.xctest */,
				D098E7CA251C37C700E0ADE9 /* FlixsterUITests.xctest */,
			);
			name = Products;
			sourceTree = "<group>";
		};
		D098E7AB251C37C400E0ADE9 /* Flixster */ = {
			isa = PBXGroup;
			children = (
				D098E7AC251C37C400E0ADE9 /* AppDelegate.swift */,
				D098E7E2251D5AE900E0ADE9 /* MoviesViewController.swift */,
				D098E7AE251C37C400E0ADE9 /* SceneDelegate.swift */,
				D098E7B2251C37C400E0ADE9 /* Main.storyboard */,
				D098E7B5251C37C600E0ADE9 /* Assets.xcassets */,
				D098E7B7251C37C600E0ADE9 /* LaunchScreen.storyboard */,
				D098E7BA251C37C600E0ADE9 /* Info.plist */,
				D098E7E7251D892700E0ADE9 /* MovieCell.swift */,
				D0428B372520009D00C2D16D /* MovieDetailsViewController.swift */,
			);
			path = Flixster;
			sourceTree = "<group>";
		};
		D098E7C2251C37C700E0ADE9 /* FlixsterTests */ = {
			isa = PBXGroup;
			children = (
				D098E7C3251C37C700E0ADE9 /* FlixsterTests.swift */,
				D098E7C5251C37C700E0ADE9 /* Info.plist */,
			);
			path = FlixsterTests;
			sourceTree = "<group>";
		};
		D098E7CD251C37C700E0ADE9 /* FlixsterUITests */ = {
			isa = PBXGroup;
			children = (
				D098E7CE251C37C700E0ADE9 /* FlixsterUITests.swift */,
				D098E7D0251C37C700E0ADE9 /* Info.plist */,
			);
			path = FlixsterUITests;
			sourceTree = "<group>";
		};
/* End PBXGroup section */

/* Begin PBXNativeTarget section */
		D098E7A8251C37C400E0ADE9 /* Flixster */ = {
			isa = PBXNativeTarget;
			buildConfigurationList = D098E7D3251C37C700E0ADE9 /* Build configuration list for PBXNativeTarget "Flixster" */;
			buildPhases = (
				27EF495B8BA7582F6AC7C94A /* [CP] Check Pods Manifest.lock */,
				D098E7A5251C37C400E0ADE9 /* Sources */,
				D098E7A6251C37C400E0ADE9 /* Frameworks */,
				D098E7A7251C37C400E0ADE9 /* Resources */,
				A2D6E804541BB4D26543BD64 /* [CP] Embed Pods Frameworks */,
			);
			buildRules = (
			);
			dependencies = (
			);
			name = Flixster;
			productName = Flixster;
			productReference = D098E7A9251C37C400E0ADE9 /* Flixster.app */;
			productType = "com.apple.product-type.application";
		};
		D098E7BE251C37C700E0ADE9 /* FlixsterTests */ = {
			isa = PBXNativeTarget;
			buildConfigurationList = D098E7D6251C37C700E0ADE9 /* Build configuration list for PBXNativeTarget "FlixsterTests" */;
			buildPhases = (
				3FEB06A693548D7DAFFCA119 /* [CP] Check Pods Manifest.lock */,
				D098E7BB251C37C700E0ADE9 /* Sources */,
				D098E7BC251C37C700E0ADE9 /* Frameworks */,
				D098E7BD251C37C700E0ADE9 /* Resources */,
			);
			buildRules = (
			);
			dependencies = (
				D098E7C1251C37C700E0ADE9 /* PBXTargetDependency */,
			);
			name = FlixsterTests;
			productName = FlixsterTests;
			productReference = D098E7BF251C37C700E0ADE9 /* FlixsterTests.xctest */;
			productType = "com.apple.product-type.bundle.unit-test";
		};
		D098E7C9251C37C700E0ADE9 /* FlixsterUITests */ = {
			isa = PBXNativeTarget;
			buildConfigurationList = D098E7D9251C37C700E0ADE9 /* Build configuration list for PBXNativeTarget "FlixsterUITests" */;
			buildPhases = (
				10B7C6BBF78022A6C196C563 /* [CP] Check Pods Manifest.lock */,
				D098E7C6251C37C700E0ADE9 /* Sources */,
				D098E7C7251C37C700E0ADE9 /* Frameworks */,
				D098E7C8251C37C700E0ADE9 /* Resources */,
				0079208B36BFD4EFC2E507A5 /* [CP] Embed Pods Frameworks */,
			);
			buildRules = (
			);
			dependencies = (
				D098E7CC251C37C700E0ADE9 /* PBXTargetDependency */,
			);
			name = FlixsterUITests;
			productName = FlixsterUITests;
			productReference = D098E7CA251C37C700E0ADE9 /* FlixsterUITests.xctest */;
			productType = "com.apple.product-type.bundle.ui-testing";
		};
/* End PBXNativeTarget section */

/* Begin PBXProject section */
		D098E7A1251C37C400E0ADE9 /* Project object */ = {
			isa = PBXProject;
			attributes = {
				LastSwiftUpdateCheck = 1200;
				LastUpgradeCheck = 1200;
				TargetAttributes = {
					D098E7A8251C37C400E0ADE9 = {
						CreatedOnToolsVersion = 12.0;
					};
					D098E7BE251C37C700E0ADE9 = {
						CreatedOnToolsVersion = 12.0;
						TestTargetID = D098E7A8251C37C400E0ADE9;
					};
					D098E7C9251C37C700E0ADE9 = {
						CreatedOnToolsVersion = 12.0;
						TestTargetID = D098E7A8251C37C400E0ADE9;
					};
				};
			};
			buildConfigurationList = D098E7A4251C37C400E0ADE9 /* Build configuration list for PBXProject "Flixster" */;
			compatibilityVersion = "Xcode 9.3";
			developmentRegion = en;
			hasScannedForEncodings = 0;
			knownRegions = (
				en,
				Base,
			);
			mainGroup = D098E7A0251C37C400E0ADE9;
			productRefGroup = D098E7AA251C37C400E0ADE9 /* Products */;
			projectDirPath = "";
			projectRoot = "";
			targets = (
				D098E7A8251C37C400E0ADE9 /* Flixster */,
				D098E7BE251C37C700E0ADE9 /* FlixsterTests */,
				D098E7C9251C37C700E0ADE9 /* FlixsterUITests */,
			);
		};
/* End PBXProject section */

/* Begin PBXResourcesBuildPhase section */
		D098E7A7251C37C400E0ADE9 /* Resources */ = {
			isa = PBXResourcesBuildPhase;
			buildActionMask = 2147483647;
			files = (
				D098E7B9251C37C600E0ADE9 /* LaunchScreen.storyboard in Resources */,
				D098E7B6251C37C600E0ADE9 /* Assets.xcassets in Resources */,
				D098E7B4251C37C400E0ADE9 /* Main.storyboard in Resources */,
			);
			runOnlyForDeploymentPostprocessing = 0;
		};
		D098E7BD251C37C700E0ADE9 /* Resources */ = {
			isa = PBXResourcesBuildPhase;
			buildActionMask = 2147483647;
			files = (
			);
			runOnlyForDeploymentPostprocessing = 0;
		};
		D098E7C8251C37C700E0ADE9 /* Resources */ = {
			isa = PBXResourcesBuildPhase;
			buildActionMask = 2147483647;
			files = (
			);
			runOnlyForDeploymentPostprocessing = 0;
		};
/* End PBXResourcesBuildPhase section */

/* Begin PBXShellScriptBuildPhase section */
		0079208B36BFD4EFC2E507A5 /* [CP] Embed Pods Frameworks */ = {
			isa = PBXShellScriptBuildPhase;
			buildActionMask = 2147483647;
			files = (
			);
			inputFileListPaths = (
				"${PODS_ROOT}/Target Support Files/Pods-Flixster-FlixsterUITests/Pods-Flixster-FlixsterUITests-frameworks-${CONFIGURATION}-input-files.xcfilelist",
			);
			name = "[CP] Embed Pods Frameworks";
			outputFileListPaths = (
				"${PODS_ROOT}/Target Support Files/Pods-Flixster-FlixsterUITests/Pods-Flixster-FlixsterUITests-frameworks-${CONFIGURATION}-output-files.xcfilelist",
			);
			runOnlyForDeploymentPostprocessing = 0;
			shellPath = /bin/sh;
			shellScript = "\"${PODS_ROOT}/Target Support Files/Pods-Flixster-FlixsterUITests/Pods-Flixster-FlixsterUITests-frameworks.sh\"\n";
			showEnvVarsInLog = 0;
		};
		10B7C6BBF78022A6C196C563 /* [CP] Check Pods Manifest.lock */ = {
			isa = PBXShellScriptBuildPhase;
			buildActionMask = 2147483647;
			files = (
			);
			inputFileListPaths = (
			);
			inputPaths = (
				"${PODS_PODFILE_DIR_PATH}/Podfile.lock",
				"${PODS_ROOT}/Manifest.lock",
			);
			name = "[CP] Check Pods Manifest.lock";
			outputFileListPaths = (
			);
			outputPaths = (
				"$(DERIVED_FILE_DIR)/Pods-Flixster-FlixsterUITests-checkManifestLockResult.txt",
			);
			runOnlyForDeploymentPostprocessing = 0;
			shellPath = /bin/sh;
			shellScript = "diff \"${PODS_PODFILE_DIR_PATH}/Podfile.lock\" \"${PODS_ROOT}/Manifest.lock\" > /dev/null\nif [ $? != 0 ] ; then\n    # print error to STDERR\n    echo \"error: The sandbox is not in sync with the Podfile.lock. Run 'pod install' or update your CocoaPods installation.\" >&2\n    exit 1\nfi\n# This output is used by Xcode 'outputs' to avoid re-running this script phase.\necho \"SUCCESS\" > \"${SCRIPT_OUTPUT_FILE_0}\"\n";
			showEnvVarsInLog = 0;
		};
		27EF495B8BA7582F6AC7C94A /* [CP] Check Pods Manifest.lock */ = {
			isa = PBXShellScriptBuildPhase;
			buildActionMask = 2147483647;
			files = (
			);
			inputFileListPaths = (
			);
			inputPaths = (
				"${PODS_PODFILE_DIR_PATH}/Podfile.lock",
				"${PODS_ROOT}/Manifest.lock",
			);
			name = "[CP] Check Pods Manifest.lock";
			outputFileListPaths = (
			);
			outputPaths = (
				"$(DERIVED_FILE_DIR)/Pods-Flixster-checkManifestLockResult.txt",
			);
			runOnlyForDeploymentPostprocessing = 0;
			shellPath = /bin/sh;
			shellScript = "diff \"${PODS_PODFILE_DIR_PATH}/Podfile.lock\" \"${PODS_ROOT}/Manifest.lock\" > /dev/null\nif [ $? != 0 ] ; then\n    # print error to STDERR\n    echo \"error: The sandbox is not in sync with the Podfile.lock. Run 'pod install' or update your CocoaPods installation.\" >&2\n    exit 1\nfi\n# This output is used by Xcode 'outputs' to avoid re-running this script phase.\necho \"SUCCESS\" > \"${SCRIPT_OUTPUT_FILE_0}\"\n";
			showEnvVarsInLog = 0;
		};
		3FEB06A693548D7DAFFCA119 /* [CP] Check Pods Manifest.lock */ = {
			isa = PBXShellScriptBuildPhase;
			buildActionMask = 2147483647;
			files = (
			);
			inputFileListPaths = (
			);
			inputPaths = (
				"${PODS_PODFILE_DIR_PATH}/Podfile.lock",
				"${PODS_ROOT}/Manifest.lock",
			);
			name = "[CP] Check Pods Manifest.lock";
			outputFileListPaths = (
			);
			outputPaths = (
				"$(DERIVED_FILE_DIR)/Pods-FlixsterTests-checkManifestLockResult.txt",
			);
			runOnlyForDeploymentPostprocessing = 0;
			shellPath = /bin/sh;
			shellScript = "diff \"${PODS_PODFILE_DIR_PATH}/Podfile.lock\" \"${PODS_ROOT}/Manifest.lock\" > /dev/null\nif [ $? != 0 ] ; then\n    # print error to STDERR\n    echo \"error: The sandbox is not in sync with the Podfile.lock. Run 'pod install' or update your CocoaPods installation.\" >&2\n    exit 1\nfi\n# This output is used by Xcode 'outputs' to avoid re-running this script phase.\necho \"SUCCESS\" > \"${SCRIPT_OUTPUT_FILE_0}\"\n";
			showEnvVarsInLog = 0;
		};
		A2D6E804541BB4D26543BD64 /* [CP] Embed Pods Frameworks */ = {
			isa = PBXShellScriptBuildPhase;
			buildActionMask = 2147483647;
			files = (
			);
			inputFileListPaths = (
				"${PODS_ROOT}/Target Support Files/Pods-Flixster/Pods-Flixster-frameworks-${CONFIGURATION}-input-files.xcfilelist",
			);
			name = "[CP] Embed Pods Frameworks";
			outputFileListPaths = (
				"${PODS_ROOT}/Target Support Files/Pods-Flixster/Pods-Flixster-frameworks-${CONFIGURATION}-output-files.xcfilelist",
			);
			runOnlyForDeploymentPostprocessing = 0;
			shellPath = /bin/sh;
			shellScript = "\"${PODS_ROOT}/Target Support Files/Pods-Flixster/Pods-Flixster-frameworks.sh\"\n";
			showEnvVarsInLog = 0;
		};
/* End PBXShellScriptBuildPhase section */

/* Begin PBXSourcesBuildPhase section */
		D098E7A5251C37C400E0ADE9 /* Sources */ = {
			isa = PBXSourcesBuildPhase;
			buildActionMask = 2147483647;
			files = (
				D0428B382520009D00C2D16D /* MovieDetailsViewController.swift in Sources */,
				D098E7AD251C37C400E0ADE9 /* AppDelegate.swift in Sources */,
				D098E7AF251C37C400E0ADE9 /* SceneDelegate.swift in Sources */,
				D098E7E8251D892700E0ADE9 /* MovieCell.swift in Sources */,
				D098E7E3251D5AE900E0ADE9 /* MoviesViewController.swift in Sources */,
			);
			runOnlyForDeploymentPostprocessing = 0;
		};
		D098E7BB251C37C700E0ADE9 /* Sources */ = {
			isa = PBXSourcesBuildPhase;
			buildActionMask = 2147483647;
			files = (
				D098E7C4251C37C700E0ADE9 /* FlixsterTests.swift in Sources */,
			);
			runOnlyForDeploymentPostprocessing = 0;
		};
		D098E7C6251C37C700E0ADE9 /* Sources */ = {
			isa = PBXSourcesBuildPhase;
			buildActionMask = 2147483647;
			files = (
				D098E7CF251C37C700E0ADE9 /* FlixsterUITests.swift in Sources */,
			);
			runOnlyForDeploymentPostprocessing = 0;
		};
/* End PBXSourcesBuildPhase section */

/* Begin PBXTargetDependency section */
		D098E7C1251C37C700E0ADE9 /* PBXTargetDependency */ = {
			isa = PBXTargetDependency;
			target = D098E7A8251C37C400E0ADE9 /* Flixster */;
			targetProxy = D098E7C0251C37C700E0ADE9 /* PBXContainerItemProxy */;
		};
		D098E7CC251C37C700E0ADE9 /* PBXTargetDependency */ = {
			isa = PBXTargetDependency;
			target = D098E7A8251C37C400E0ADE9 /* Flixster */;
			targetProxy = D098E7CB251C37C700E0ADE9 /* PBXContainerItemProxy */;
		};
/* End PBXTargetDependency section */

/* Begin PBXVariantGroup section */
		D098E7B2251C37C400E0ADE9 /* Main.storyboard */ = {
			isa = PBXVariantGroup;
			children = (
				D098E7B3251C37C400E0ADE9 /* Base */,
			);
			name = Main.storyboard;
			sourceTree = "<group>";
		};
		D098E7B7251C37C600E0ADE9 /* LaunchScreen.storyboard */ = {
			isa = PBXVariantGroup;
			children = (
				D098E7B8251C37C600E0ADE9 /* Base */,
			);
			name = LaunchScreen.storyboard;
			sourceTree = "<group>";
		};
/* End PBXVariantGroup section */

/* Begin XCBuildConfiguration section */
		D098E7D1251C37C700E0ADE9 /* Debug */ = {
			isa = XCBuildConfiguration;
			buildSettings = {
				ALWAYS_SEARCH_USER_PATHS = NO;
				CLANG_ANALYZER_NONNULL = YES;
				CLANG_ANALYZER_NUMBER_OBJECT_CONVERSION = YES_AGGRESSIVE;
				CLANG_CXX_LANGUAGE_STANDARD = "gnu++14";
				CLANG_CXX_LIBRARY = "libc++";
				CLANG_ENABLE_MODULES = YES;
				CLANG_ENABLE_OBJC_ARC = YES;
				CLANG_ENABLE_OBJC_WEAK = YES;
				CLANG_WARN_BLOCK_CAPTURE_AUTORELEASING = YES;
				CLANG_WARN_BOOL_CONVERSION = YES;
				CLANG_WARN_COMMA = YES;
				CLANG_WARN_CONSTANT_CONVERSION = YES;
				CLANG_WARN_DEPRECATED_OBJC_IMPLEMENTATIONS = YES;
				CLANG_WARN_DIRECT_OBJC_ISA_USAGE = YES_ERROR;
				CLANG_WARN_DOCUMENTATION_COMMENTS = YES;
				CLANG_WARN_EMPTY_BODY = YES;
				CLANG_WARN_ENUM_CONVERSION = YES;
				CLANG_WARN_INFINITE_RECURSION = YES;
				CLANG_WARN_INT_CONVERSION = YES;
				CLANG_WARN_NON_LITERAL_NULL_CONVERSION = YES;
				CLANG_WARN_OBJC_IMPLICIT_RETAIN_SELF = YES;
				CLANG_WARN_OBJC_LITERAL_CONVERSION = YES;
				CLANG_WARN_OBJC_ROOT_CLASS = YES_ERROR;
				CLANG_WARN_QUOTED_INCLUDE_IN_FRAMEWORK_HEADER = YES;
				CLANG_WARN_RANGE_LOOP_ANALYSIS = YES;
				CLANG_WARN_STRICT_PROTOTYPES = YES;
				CLANG_WARN_SUSPICIOUS_MOVE = YES;
				CLANG_WARN_UNGUARDED_AVAILABILITY = YES_AGGRESSIVE;
				CLANG_WARN_UNREACHABLE_CODE = YES;
				CLANG_WARN__DUPLICATE_METHOD_MATCH = YES;
				COPY_PHASE_STRIP = NO;
				DEBUG_INFORMATION_FORMAT = dwarf;
				ENABLE_STRICT_OBJC_MSGSEND = YES;
				ENABLE_TESTABILITY = YES;
				GCC_C_LANGUAGE_STANDARD = gnu11;
				GCC_DYNAMIC_NO_PIC = NO;
				GCC_NO_COMMON_BLOCKS = YES;
				GCC_OPTIMIZATION_LEVEL = 0;
				GCC_PREPROCESSOR_DEFINITIONS = (
					"DEBUG=1",
					"$(inherited)",
				);
				GCC_WARN_64_TO_32_BIT_CONVERSION = YES;
				GCC_WARN_ABOUT_RETURN_TYPE = YES_ERROR;
				GCC_WARN_UNDECLARED_SELECTOR = YES;
				GCC_WARN_UNINITIALIZED_AUTOS = YES_AGGRESSIVE;
				GCC_WARN_UNUSED_FUNCTION = YES;
				GCC_WARN_UNUSED_VARIABLE = YES;
				IPHONEOS_DEPLOYMENT_TARGET = 14.0;
				MTL_ENABLE_DEBUG_INFO = INCLUDE_SOURCE;
				MTL_FAST_MATH = YES;
				ONLY_ACTIVE_ARCH = YES;
				SDKROOT = iphoneos;
				SWIFT_ACTIVE_COMPILATION_CONDITIONS = DEBUG;
				SWIFT_OPTIMIZATION_LEVEL = "-Onone";
			};
			name = Debug;
		};
		D098E7D2251C37C700E0ADE9 /* Release */ = {
			isa = XCBuildConfiguration;
			buildSettings = {
				ALWAYS_SEARCH_USER_PATHS = NO;
				CLANG_ANALYZER_NONNULL = YES;
				CLANG_ANALYZER_NUMBER_OBJECT_CONVERSION = YES_AGGRESSIVE;
				CLANG_CXX_LANGUAGE_STANDARD = "gnu++14";
				CLANG_CXX_LIBRARY = "libc++";
				CLANG_ENABLE_MODULES = YES;
				CLANG_ENABLE_OBJC_ARC = YES;
				CLANG_ENABLE_OBJC_WEAK = YES;
				CLANG_WARN_BLOCK_CAPTURE_AUTORELEASING = YES;
				CLANG_WARN_BOOL_CONVERSION = YES;
				CLANG_WARN_COMMA = YES;
				CLANG_WARN_CONSTANT_CONVERSION = YES;
				CLANG_WARN_DEPRECATED_OBJC_IMPLEMENTATIONS = YES;
				CLANG_WARN_DIRECT_OBJC_ISA_USAGE = YES_ERROR;
				CLANG_WARN_DOCUMENTATION_COMMENTS = YES;
				CLANG_WARN_EMPTY_BODY = YES;
				CLANG_WARN_ENUM_CONVERSION = YES;
				CLANG_WARN_INFINITE_RECURSION = YES;
				CLANG_WARN_INT_CONVERSION = YES;
				CLANG_WARN_NON_LITERAL_NULL_CONVERSION = YES;
				CLANG_WARN_OBJC_IMPLICIT_RETAIN_SELF = YES;
				CLANG_WARN_OBJC_LITERAL_CONVERSION = YES;
				CLANG_WARN_OBJC_ROOT_CLASS = YES_ERROR;
				CLANG_WARN_QUOTED_INCLUDE_IN_FRAMEWORK_HEADER = YES;
				CLANG_WARN_RANGE_LOOP_ANALYSIS = YES;
				CLANG_WARN_STRICT_PROTOTYPES = YES;
				CLANG_WARN_SUSPICIOUS_MOVE = YES;
				CLANG_WARN_UNGUARDED_AVAILABILITY = YES_AGGRESSIVE;
				CLANG_WARN_UNREACHABLE_CODE = YES;
				CLANG_WARN__DUPLICATE_METHOD_MATCH = YES;
				COPY_PHASE_STRIP = NO;
				DEBUG_INFORMATION_FORMAT = "dwarf-with-dsym";
				ENABLE_NS_ASSERTIONS = NO;
				ENABLE_STRICT_OBJC_MSGSEND = YES;
				GCC_C_LANGUAGE_STANDARD = gnu11;
				GCC_NO_COMMON_BLOCKS = YES;
				GCC_WARN_64_TO_32_BIT_CONVERSION = YES;
				GCC_WARN_ABOUT_RETURN_TYPE = YES_ERROR;
				GCC_WARN_UNDECLARED_SELECTOR = YES;
				GCC_WARN_UNINITIALIZED_AUTOS = YES_AGGRESSIVE;
				GCC_WARN_UNUSED_FUNCTION = YES;
				GCC_WARN_UNUSED_VARIABLE = YES;
				IPHONEOS_DEPLOYMENT_TARGET = 14.0;
				MTL_ENABLE_DEBUG_INFO = NO;
				MTL_FAST_MATH = YES;
				SDKROOT = iphoneos;
				SWIFT_COMPILATION_MODE = wholemodule;
				SWIFT_OPTIMIZATION_LEVEL = "-O";
				VALIDATE_PRODUCT = YES;
			};
			name = Release;
		};
		D098E7D4251C37C700E0ADE9 /* Debug */ = {
			isa = XCBuildConfiguration;
			baseConfigurationReference = 873F47FC22FD0C6F237A8ACF /* Pods-Flixster.debug.xcconfig */;
			buildSettings = {
				ASSETCATALOG_COMPILER_APPICON_NAME = AppIcon;
				ASSETCATALOG_COMPILER_GLOBAL_ACCENT_COLOR_NAME = AccentColor;
				CODE_SIGN_STYLE = Automatic;
				INFOPLIST_FILE = Flixster/Info.plist;
				LD_RUNPATH_SEARCH_PATHS = (
					"$(inherited)",
					"@executable_path/Frameworks",
				);
				PRODUCT_BUNDLE_IDENTIFIER = com.mychalj.Flixster;
				PRODUCT_NAME = "$(TARGET_NAME)";
				SWIFT_VERSION = 5.0;
				TARGETED_DEVICE_FAMILY = "1,2";
			};
			name = Debug;
		};
		D098E7D5251C37C700E0ADE9 /* Release */ = {
			isa = XCBuildConfiguration;
			baseConfigurationReference = E9A0F671991DFF2C125B4EFD /* Pods-Flixster.release.xcconfig */;
			buildSettings = {
				ASSETCATALOG_COMPILER_APPICON_NAME = AppIcon;
				ASSETCATALOG_COMPILER_GLOBAL_ACCENT_COLOR_NAME = AccentColor;
				CODE_SIGN_STYLE = Automatic;
				INFOPLIST_FILE = Flixster/Info.plist;
				LD_RUNPATH_SEARCH_PATHS = (
					"$(inherited)",
					"@executable_path/Frameworks",
				);
				PRODUCT_BUNDLE_IDENTIFIER = com.mychalj.Flixster;
				PRODUCT_NAME = "$(TARGET_NAME)";
				SWIFT_VERSION = 5.0;
				TARGETED_DEVICE_FAMILY = "1,2";
			};
			name = Release;
		};
		D098E7D7251C37C700E0ADE9 /* Debug */ = {
			isa = XCBuildConfiguration;
			baseConfigurationReference = 6DE2993A062B8F5C01A43F6A /* Pods-FlixsterTests.debug.xcconfig */;
			buildSettings = {
				ALWAYS_EMBED_SWIFT_STANDARD_LIBRARIES = YES;
				BUNDLE_LOADER = "$(TEST_HOST)";
				CODE_SIGN_STYLE = Automatic;
				INFOPLIST_FILE = FlixsterTests/Info.plist;
				IPHONEOS_DEPLOYMENT_TARGET = 14.0;
				LD_RUNPATH_SEARCH_PATHS = (
					"$(inherited)",
					"@executable_path/Frameworks",
					"@loader_path/Frameworks",
				);
				PRODUCT_BUNDLE_IDENTIFIER = com.mychalj.FlixsterTests;
				PRODUCT_NAME = "$(TARGET_NAME)";
				SWIFT_VERSION = 5.0;
				TARGETED_DEVICE_FAMILY = "1,2";
				TEST_HOST = "$(BUILT_PRODUCTS_DIR)/Flixster.app/Flixster";
			};
			name = Debug;
		};
		D098E7D8251C37C700E0ADE9 /* Release */ = {
			isa = XCBuildConfiguration;
			baseConfigurationReference = 50E03D8CBC59BE5E9DEBD2B6 /* Pods-FlixsterTests.release.xcconfig */;
			buildSettings = {
				ALWAYS_EMBED_SWIFT_STANDARD_LIBRARIES = YES;
				BUNDLE_LOADER = "$(TEST_HOST)";
				CODE_SIGN_STYLE = Automatic;
				INFOPLIST_FILE = FlixsterTests/Info.plist;
				IPHONEOS_DEPLOYMENT_TARGET = 14.0;
				LD_RUNPATH_SEARCH_PATHS = (
					"$(inherited)",
					"@executable_path/Frameworks",
					"@loader_path/Frameworks",
				);
				PRODUCT_BUNDLE_IDENTIFIER = com.mychalj.FlixsterTests;
				PRODUCT_NAME = "$(TARGET_NAME)";
				SWIFT_VERSION = 5.0;
				TARGETED_DEVICE_FAMILY = "1,2";
				TEST_HOST = "$(BUILT_PRODUCTS_DIR)/Flixster.app/Flixster";
			};
			name = Release;
		};
		D098E7DA251C37C700E0ADE9 /* Debug */ = {
			isa = XCBuildConfiguration;
			baseConfigurationReference = 693C43BFA10B5078DD120064 /* Pods-Flixster-FlixsterUITests.debug.xcconfig */;
			buildSettings = {
				ALWAYS_EMBED_SWIFT_STANDARD_LIBRARIES = YES;
				CODE_SIGN_STYLE = Automatic;
				INFOPLIST_FILE = FlixsterUITests/Info.plist;
				LD_RUNPATH_SEARCH_PATHS = (
					"$(inherited)",
					"@executable_path/Frameworks",
					"@loader_path/Frameworks",
				);
				PRODUCT_BUNDLE_IDENTIFIER = com.mychalj.FlixsterUITests;
				PRODUCT_NAME = "$(TARGET_NAME)";
				SWIFT_VERSION = 5.0;
				TARGETED_DEVICE_FAMILY = "1,2";
				TEST_TARGET_NAME = Flixster;
			};
			name = Debug;
		};
		D098E7DB251C37C700E0ADE9 /* Release */ = {
			isa = XCBuildConfiguration;
			baseConfigurationReference = 2C570B767A4059EE30E1171B /* Pods-Flixster-FlixsterUITests.release.xcconfig */;
			buildSettings = {
				ALWAYS_EMBED_SWIFT_STANDARD_LIBRARIES = YES;
				CODE_SIGN_STYLE = Automatic;
				INFOPLIST_FILE = FlixsterUITests/Info.plist;
				LD_RUNPATH_SEARCH_PATHS = (
					"$(inherited)",
					"@executable_path/Frameworks",
					"@loader_path/Frameworks",
				);
				PRODUCT_BUNDLE_IDENTIFIER = com.mychalj.FlixsterUITests;
				PRODUCT_NAME = "$(TARGET_NAME)";
				SWIFT_VERSION = 5.0;
				TARGETED_DEVICE_FAMILY = "1,2";
				TEST_TARGET_NAME = Flixster;
			};
			name = Release;
		};
/* End XCBuildConfiguration section */

/* Begin XCConfigurationList section */
		D098E7A4251C37C400E0ADE9 /* Build configuration list for PBXProject "Flixster" */ = {
			isa = XCConfigurationList;
			buildConfigurations = (
				D098E7D1251C37C700E0ADE9 /* Debug */,
				D098E7D2251C37C700E0ADE9 /* Release */,
			);
			defaultConfigurationIsVisible = 0;
			defaultConfigurationName = Release;
		};
		D098E7D3251C37C700E0ADE9 /* Build configuration list for PBXNativeTarget "Flixster" */ = {
			isa = XCConfigurationList;
			buildConfigurations = (
				D098E7D4251C37C700E0ADE9 /* Debug */,
				D098E7D5251C37C700E0ADE9 /* Release */,
			);
			defaultConfigurationIsVisible = 0;
			defaultConfigurationName = Release;
		};
		D098E7D6251C37C700E0ADE9 /* Build configuration list for PBXNativeTarget "FlixsterTests" */ = {
			isa = XCConfigurationList;
			buildConfigurations = (
				D098E7D7251C37C700E0ADE9 /* Debug */,
				D098E7D8251C37C700E0ADE9 /* Release */,
			);
			defaultConfigurationIsVisible = 0;
			defaultConfigurationName = Release;
		};
		D098E7D9251C37C700E0ADE9 /* Build configuration list for PBXNativeTarget "FlixsterUITests" */ = {
			isa = XCConfigurationList;
			buildConfigurations = (
				D098E7DA251C37C700E0ADE9 /* Debug */,
				D098E7DB251C37C700E0ADE9 /* Release */,
			);
			defaultConfigurationIsVisible = 0;
			defaultConfigurationName = Release;
		};
/* End XCConfigurationList section */
	};
	rootObject = D098E7A1251C37C400E0ADE9 /* Project object */;
}
